<Solution>
  <Configurations>
    <BuildType Name="Debug" />
    <BuildType Name="Debug (Dedicated)" />
    <BuildType Name="Release" />
    <BuildType Name="Release (Dedicated)" />
    <Platform Name="x64" />
  </Configurations>
  <Folder Name="/0. Files, Dependencies, &amp; Code Analysis/">
    <File Path="DATATABLES_COMPLETED.md" />
    <File Path="README.md" />
  </Folder>
  <Folder Name="/0. Files, Dependencies, &amp; Code Analysis/External Dependencies/">
    <Project Path="Dependencies/OpenGL/OpenGL46.csproj">
      <Platform Project="x64" />
    </Project>
    <Project Path="Dependencies/Steamworks/Steamworks.csproj">
      <Platform Project="x64" />
    </Project>
  </Folder>
  <Folder Name="/0. Files, Dependencies, &amp; Code Analysis/Roslyn Code Analysis/">
    <Project Path="Source.CodeAnalysis.Lua/Source.CodeAnalysis.Lua.csproj">
      <Platform Project="x64" />
    </Project>
    <Project Path="Source.CodeAnalysis.NetworkVars/Source.CodeAnalysis.NetworkVars.csproj">
      <Platform Project="x64" />
    </Project>
    <Project Path="Source.CodeAnalysis/Source.CodeAnalysis.CodeFixes/Source.CodeAnalysis.CodeFixes.csproj">
      <Platform Project="x64" />
    </Project>
    <Project Path="Source.CodeAnalysis/Source.CodeAnalysis.Test/Source.CodeAnalysis.Test.csproj">
      <Platform Project="x64" />
    </Project>
    <Project Path="Source.CodeAnalysis/Source.CodeAnalysis/Source.CodeAnalysis.csproj">
      <Platform Project="x64" />
    </Project>
  </Folder>
  <Folder Name="/0. Files, Dependencies, &amp; Code Analysis/Usings/">
    <File Path="Directory.Build.props" />
    <File Path="Usings/GlobalUsings.cs" />
    <File Path="Usings/MaterialUsings.cs" />
    <File Path="Usings/ShaderUsings.cs" />
    <File Path="usings_readme.txt" />
  </Folder>
  <Folder Name="/1. Engine Common/">
    <File Path="Source.Engine/GarrysMod/GModMessageType.cs" />
    <Project Path="Source.Bitmap/Source.Bitmap.csproj">
      <Platform Project="x64" />
    </Project>
    <Project Path="Source.Common/Source.Common.csproj">
      <Platform Project="x64" />
    </Project>
    <Project Path="Source.VPK/Source.VPK.csproj">
      <Platform Project="x64" />
    </Project>
    <Project Path="Source.VTF/Source.VTF.csproj">
      <Platform Project="x64" />
    </Project>
  </Folder>
  <Folder Name="/2. Pre-Engine Components/">
    <Project Path="Source.GUI.Controls/Source.GUI.Controls.csproj">
      <Platform Project="x64" />
    </Project>
    <Project Path="Source.GUI/Source.GUI.csproj">
      <Platform Project="x64" />
    </Project>
  </Folder>
  <Folder Name="/3. Engine Main/">
    <Project Path="Source.Engine/Source.Engine.csproj">
      <Platform Project="x64" />
    </Project>
  </Folder>
  <Folder Name="/4. Post-Engine Components/">
    <Project Path="Source.AudioSystem/Source.AudioSystem.csproj">
      <Platform Project="x64" />
    </Project>
    <Project Path="Source.DataCache/Source.DataCache.csproj">
      <Platform Project="x64" />
    </Project>
    <Project Path="Source.Filesystem/Source.Filesystem.csproj">
      <Platform Project="x64" />
    </Project>
    <Project Path="Source.MaterialSystem/Source.MaterialSystem.csproj">
      <Platform Project="x64" />
    </Project>
    <Project Path="Source.Physics/Source.Physics.csproj">
      <Platform Project="x64" />
    </Project>
    <Project Path="Source.SDLInputSystem/Source.SDLInputSystem.csproj">
      <Platform Project="x64" />
    </Project>
    <Project Path="Source.SDLManager/Source.SDLManager.csproj">
      <Platform Project="x64" />
    </Project>
    <Project Path="Source.SDLSystem/Source.SDLSystem.csproj">
      <Platform Project="x64" />
    </Project>
    <Project Path="Source.ShaderAPI.Gl46/Source.ShaderAPI.Gl46.csproj">
      <Platform Project="x64" />
    </Project>
    <Project Path="Source.SoundEmitterSystem/Source.SoundEmitterSystem.csproj">
      <Platform Project="x64" />
    </Project>
    <Project Path="Source.StdShader.Gl46/Source.StdShader.Gl46.csproj">
      <Platform Project="x64" />
    </Project>
    <Project Path="Source.StudioRender/Source.StudioRender.csproj">
      <Platform Project="x64" />
    </Project>
  </Folder>
  <Folder Name="/5. Game Libraries/">
    <Project Path="Game.Client/Game.Client.csproj">
      <Platform Project="x64" />
    </Project>
    <Project Path="Game.Lua/Game.Lua.csproj">
      <Platform Project="x64" />
    </Project>
    <Project Path="Game.MenuSystem/Game.MenuSystem.csproj">
      <Platform Project="x64" />
    </Project>
    <Project Path="Game.Server/Game.Server.csproj">
      <Platform Project="x64" />
    </Project>
    <Project Path="Game.ServerBrowser/Game.ServerBrowser.csproj">
      <Platform Project="x64" />
    </Project>
    <Project Path="Game.Shared/Game.Shared.csproj">
      <Build Project="false" />
      <Platform Project="x64" />
    </Project>
    <Project Path="Game.UI/Game.UI.csproj">
      <Platform Project="x64" />
    </Project>
  </Folder>
  <Folder Name="/6. Executables/">
    <Project Path="Source.Dedicated/Source.Dedicated.csproj">
      <Platform Project="x64" />
    </Project>
    <Project Path="Source.Launcher/Source.Launcher.csproj">
      <Platform Project="x64" />
    </Project>
  </Folder>
  <Folder Name="/7. Tools/" />
  <Folder Name="/8. Assets/">
    <Project Path="Game.Assets/Game.Assets.csproj">
      <Platform Project="x64" />
    </Project>
  </Folder>
</Solution>
